
Microsoft Visual Studio Solution File, Format Version 12.00
# Visual Studio Version 16
VisualStudioVersion = 16.0.28922.388
MinimumVisualStudioVersion = 10.0.40219.1
Project("{FAE04EC0-301F-11D3-BF4B-00C04F79EFBC}") = "BaseMvcParalax", "BaseMvcParalax.csproj", "{17956DD9-0232-479C-A622-0F8DDCB2DE2E}"
EndProject
Global
	GlobalSection(SolutionConfigurationPlatforms) = preSolution
		Debug|Any CPU = Debug|Any CPU
		Release|Any CPU = Release|Any CPU
	EndGlobalSection
	GlobalSection(ProjectConfigurationPlatforms) = postSolution
		{17956DD9-0232-479C-A622-0F8DDCB2DE2E}.Debug|Any CPU.ActiveCfg = Debug|Any CPU
		{17956DD9-0232-479C-A622-0F8DDCB2DE2E}.Debug|Any CPU.Build.0 = Debug|Any CPU
		{17956DD9-0232-479C-A622-0F8DDCB2DE2E}.Release|Any CPU.ActiveCfg = Release|Any CPU
		{17956DD9-0232-479C-A622-0F8DDCB2DE2E}.Release|Any CPU.Build.0 = Release|Any CPU
	EndGlobalSection
	GlobalSection(SolutionProperties) = preSolution
		HideSolutionNode = FALSE
	EndGlobalSection
	GlobalSection(ExtensibilityGlobals) = postSolution
		SolutionGuid = {D85BDF13-C5BF-4EB7-9260-2FD42A0A3622}
	EndGlobalSection
EndGlobal
